// !$*UTF8*$!
{
	archiveVersion = 1;
	classes = {
	};
	objectVersion = 46;
	objects = {

/* Begin PBXBuildFile section */
		839F1B68CD6947A78CA34D30 /* libPods.a in Frameworks */ = {isa = PBXBuildFile; fileRef = 0CB193705AB9465995726A13 /* libPods.a */; };
		9012F73318F8229000AE78AB /* UserSetupViewController.m in Sources */ = {isa = PBXBuildFile; fileRef = 9012F73218F8229000AE78AB /* UserSetupViewController.m */; };
		9012F73918F8238000AE78AB /* FEDScrollView.m in Sources */ = {isa = PBXBuildFile; fileRef = 9012F73818F8238000AE78AB /* FEDScrollView.m */; };
		90AE8B9B18F7E342000FC202 /* Foundation.framework in Frameworks */ = {isa = PBXBuildFile; fileRef = 90AE8B9A18F7E342000FC202 /* Foundation.framework */; };
		90AE8B9D18F7E342000FC202 /* CoreGraphics.framework in Frameworks */ = {isa = PBXBuildFile; fileRef = 90AE8B9C18F7E342000FC202 /* CoreGraphics.framework */; };
		90AE8B9F18F7E342000FC202 /* UIKit.framework in Frameworks */ = {isa = PBXBuildFile; fileRef = 90AE8B9E18F7E342000FC202 /* UIKit.framework */; };
		90AE8BA518F7E342000FC202 /* InfoPlist.strings in Resources */ = {isa = PBXBuildFile; fileRef = 90AE8BA318F7E342000FC202 /* InfoPlist.strings */; };
		90AE8BA718F7E342000FC202 /* main.m in Sources */ = {isa = PBXBuildFile; fileRef = 90AE8BA618F7E342000FC202 /* main.m */; };
		90AE8BAB18F7E342000FC202 /* AppDelegate.m in Sources */ = {isa = PBXBuildFile; fileRef = 90AE8BAA18F7E342000FC202 /* AppDelegate.m */; };
		90AE8BAE18F7E342000FC202 /* Main.storyboard in Resources */ = {isa = PBXBuildFile; fileRef = 90AE8BAC18F7E342000FC202 /* Main.storyboard */; };
		90AE8BB118F7E342000FC202 /* ViewController.m in Sources */ = {isa = PBXBuildFile; fileRef = 90AE8BB018F7E342000FC202 /* ViewController.m */; };
		90AE8BB318F7E342000FC202 /* Images.xcassets in Resources */ = {isa = PBXBuildFile; fileRef = 90AE8BB218F7E342000FC202 /* Images.xcassets */; };
		90AE8BBA18F7E343000FC202 /* XCTest.framework in Frameworks */ = {isa = PBXBuildFile; fileRef = 90AE8BB918F7E343000FC202 /* XCTest.framework */; };
		90AE8BBB18F7E343000FC202 /* Foundation.framework in Frameworks */ = {isa = PBXBuildFile; fileRef = 90AE8B9A18F7E342000FC202 /* Foundation.framework */; };
		90AE8BBC18F7E343000FC202 /* UIKit.framework in Frameworks */ = {isa = PBXBuildFile; fileRef = 90AE8B9E18F7E342000FC202 /* UIKit.framework */; };
		90AE8BC418F7E343000FC202 /* InfoPlist.strings in Resources */ = {isa = PBXBuildFile; fileRef = 90AE8BC218F7E343000FC202 /* InfoPlist.strings */; };
		90AE8BC618F7E343000FC202 /* FEDTests.m in Sources */ = {isa = PBXBuildFile; fileRef = 90AE8BC518F7E343000FC202 /* FEDTests.m */; };
		90AE8BD118F7F8E6000FC202 /* FoodListCell.m in Sources */ = {isa = PBXBuildFile; fileRef = 90AE8BD018F7F8E6000FC202 /* FoodListCell.m */; };
		90FF8B0818F8CCAB00C1ABCF /* MainViewController.m in Sources */ = {isa = PBXBuildFile; fileRef = 90FF8B0718F8CCAB00C1ABCF /* MainViewController.m */; };
		90FF8B0B18F8DE8800C1ABCF /* FoodeEditorViewController.m in Sources */ = {isa = PBXBuildFile; fileRef = 90FF8B0A18F8DE8800C1ABCF /* FoodeEditorViewController.m */; };
		90FF8B1318F8E59100C1ABCF /* Food.m in Sources */ = {isa = PBXBuildFile; fileRef = 90FF8B0E18F8E59100C1ABCF /* Food.m */; };
		90FF8B1418F8E59100C1ABCF /* FoodHelper.m in Sources */ = {isa = PBXBuildFile; fileRef = 90FF8B1018F8E59100C1ABCF /* FoodHelper.m */; };
		90FF8B1518F8E59100C1ABCF /* User.m in Sources */ = {isa = PBXBuildFile; fileRef = 90FF8B1218F8E59100C1ABCF /* User.m */; };
		90FF8B1718F8E7B100C1ABCF /* food.plist in Resources */ = {isa = PBXBuildFile; fileRef = 90FF8B1618F8E7B100C1ABCF /* food.plist */; };
/* End PBXBuildFile section */

/* Begin PBXContainerItemProxy section */
		90AE8BBD18F7E343000FC202 /* PBXContainerItemProxy */ = {
			isa = PBXContainerItemProxy;
			containerPortal = 90AE8B8F18F7E342000FC202 /* Project object */;
			proxyType = 1;
			remoteGlobalIDString = 90AE8B9618F7E342000FC202;
			remoteInfo = FED;
		};
/* End PBXContainerItemProxy section */

/* Begin PBXFileReference section */
		0CB193705AB9465995726A13 /* libPods.a */ = {isa = PBXFileReference; explicitFileType = archive.ar; includeInIndex = 0; path = libPods.a; sourceTree = BUILT_PRODUCTS_DIR; };
		3433DE8CBCAF4DECBA7B5DFA /* Pods.xcconfig */ = {isa = PBXFileReference; includeInIndex = 1; lastKnownFileType = text.xcconfig; name = Pods.xcconfig; path = Pods/Pods.xcconfig; sourceTree = "<group>"; };
		9012F73118F8229000AE78AB /* UserSetupViewController.h */ = {isa = PBXFileReference; fileEncoding = 4; lastKnownFileType = sourcecode.c.h; path = UserSetupViewController.h; sourceTree = "<group>"; };
		9012F73218F8229000AE78AB /* UserSetupViewController.m */ = {isa = PBXFileReference; fileEncoding = 4; lastKnownFileType = sourcecode.c.objc; path = UserSetupViewController.m; sourceTree = "<group>"; };
		9012F73718F8238000AE78AB /* FEDScrollView.h */ = {isa = PBXFileReference; fileEncoding = 4; lastKnownFileType = sourcecode.c.h; path = FEDScrollView.h; sourceTree = "<group>"; };
		9012F73818F8238000AE78AB /* FEDScrollView.m */ = {isa = PBXFileReference; fileEncoding = 4; lastKnownFileType = sourcecode.c.objc; path = FEDScrollView.m; sourceTree = "<group>"; };
		90AE8B9718F7E342000FC202 /* FED.app */ = {isa = PBXFileReference; explicitFileType = wrapper.application; includeInIndex = 0; path = FED.app; sourceTree = BUILT_PRODUCTS_DIR; };
		90AE8B9A18F7E342000FC202 /* Foundation.framework */ = {isa = PBXFileReference; lastKnownFileType = wrapper.framework; name = Foundation.framework; path = System/Library/Frameworks/Foundation.framework; sourceTree = SDKROOT; };
		90AE8B9C18F7E342000FC202 /* CoreGraphics.framework */ = {isa = PBXFileReference; lastKnownFileType = wrapper.framework; name = CoreGraphics.framework; path = System/Library/Frameworks/CoreGraphics.framework; sourceTree = SDKROOT; };
		90AE8B9E18F7E342000FC202 /* UIKit.framework */ = {isa = PBXFileReference; lastKnownFileType = wrapper.framework; name = UIKit.framework; path = System/Library/Frameworks/UIKit.framework; sourceTree = SDKROOT; };
		90AE8BA218F7E342000FC202 /* FED-Info.plist */ = {isa = PBXFileReference; lastKnownFileType = text.plist.xml; path = "FED-Info.plist"; sourceTree = "<group>"; };
		90AE8BA418F7E342000FC202 /* en */ = {isa = PBXFileReference; lastKnownFileType = text.plist.strings; name = en; path = en.lproj/InfoPlist.strings; sourceTree = "<group>"; };
		90AE8BA618F7E342000FC202 /* main.m */ = {isa = PBXFileReference; lastKnownFileType = sourcecode.c.objc; path = main.m; sourceTree = "<group>"; };
		90AE8BA818F7E342000FC202 /* FED-Prefix.pch */ = {isa = PBXFileReference; lastKnownFileType = sourcecode.c.h; path = "FED-Prefix.pch"; sourceTree = "<group>"; };
		90AE8BA918F7E342000FC202 /* AppDelegate.h */ = {isa = PBXFileReference; lastKnownFileType = sourcecode.c.h; path = AppDelegate.h; sourceTree = "<group>"; };
		90AE8BAA18F7E342000FC202 /* AppDelegate.m */ = {isa = PBXFileReference; lastKnownFileType = sourcecode.c.objc; path = AppDelegate.m; sourceTree = "<group>"; };
		90AE8BAD18F7E342000FC202 /* Base */ = {isa = PBXFileReference; lastKnownFileType = file.storyboard; name = Base; path = Base.lproj/Main.storyboard; sourceTree = "<group>"; };
		90AE8BAF18F7E342000FC202 /* ViewController.h */ = {isa = PBXFileReference; lastKnownFileType = sourcecode.c.h; path = ViewController.h; sourceTree = "<group>"; };
		90AE8BB018F7E342000FC202 /* ViewController.m */ = {isa = PBXFileReference; lastKnownFileType = sourcecode.c.objc; path = ViewController.m; sourceTree = "<group>"; };
		90AE8BB218F7E342000FC202 /* Images.xcassets */ = {isa = PBXFileReference; lastKnownFileType = folder.assetcatalog; path = Images.xcassets; sourceTree = "<group>"; };
		90AE8BB818F7E343000FC202 /* FEDTests.xctest */ = {isa = PBXFileReference; explicitFileType = wrapper.cfbundle; includeInIndex = 0; path = FEDTests.xctest; sourceTree = BUILT_PRODUCTS_DIR; };
		90AE8BB918F7E343000FC202 /* XCTest.framework */ = {isa = PBXFileReference; lastKnownFileType = wrapper.framework; name = XCTest.framework; path = Library/Frameworks/XCTest.framework; sourceTree = DEVELOPER_DIR; };
		90AE8BC118F7E343000FC202 /* FEDTests-Info.plist */ = {isa = PBXFileReference; lastKnownFileType = text.plist.xml; path = "FEDTests-Info.plist"; sourceTree = "<group>"; };
		90AE8BC318F7E343000FC202 /* en */ = {isa = PBXFileReference; lastKnownFileType = text.plist.strings; name = en; path = en.lproj/InfoPlist.strings; sourceTree = "<group>"; };
		90AE8BC518F7E343000FC202 /* FEDTests.m */ = {isa = PBXFileReference; lastKnownFileType = sourcecode.c.objc; path = FEDTests.m; sourceTree = "<group>"; };
		90AE8BCF18F7F8E6000FC202 /* FoodListCell.h */ = {isa = PBXFileReference; fileEncoding = 4; lastKnownFileType = sourcecode.c.h; path = FoodListCell.h; sourceTree = "<group>"; };
		90AE8BD018F7F8E6000FC202 /* FoodListCell.m */ = {isa = PBXFileReference; fileEncoding = 4; lastKnownFileType = sourcecode.c.objc; path = FoodListCell.m; sourceTree = "<group>"; };
		90FF8B0618F8CCAB00C1ABCF /* MainViewController.h */ = {isa = PBXFileReference; fileEncoding = 4; lastKnownFileType = sourcecode.c.h; path = MainViewController.h; sourceTree = "<group>"; };
		90FF8B0718F8CCAB00C1ABCF /* MainViewController.m */ = {isa = PBXFileReference; fileEncoding = 4; lastKnownFileType = sourcecode.c.objc; path = MainViewController.m; sourceTree = "<group>"; };
		90FF8B0918F8DE8800C1ABCF /* FoodeEditorViewController.h */ = {isa = PBXFileReference; fileEncoding = 4; lastKnownFileType = sourcecode.c.h; path = FoodeEditorViewController.h; sourceTree = "<group>"; };
		90FF8B0A18F8DE8800C1ABCF /* FoodeEditorViewController.m */ = {isa = PBXFileReference; fileEncoding = 4; lastKnownFileType = sourcecode.c.objc; path = FoodeEditorViewController.m; sourceTree = "<group>"; };
		90FF8B0D18F8E59100C1ABCF /* Food.h */ = {isa = PBXFileReference; fileEncoding = 4; lastKnownFileType = sourcecode.c.h; path = Food.h; sourceTree = "<group>"; };
		90FF8B0E18F8E59100C1ABCF /* Food.m */ = {isa = PBXFileReference; fileEncoding = 4; lastKnownFileType = sourcecode.c.objc; path = Food.m; sourceTree = "<group>"; };
		90FF8B0F18F8E59100C1ABCF /* FoodHelper.h */ = {isa = PBXFileReference; fileEncoding = 4; lastKnownFileType = sourcecode.c.h; path = FoodHelper.h; sourceTree = "<group>"; };
		90FF8B1018F8E59100C1ABCF /* FoodHelper.m */ = {isa = PBXFileReference; fileEncoding = 4; lastKnownFileType = sourcecode.c.objc; path = FoodHelper.m; sourceTree = "<group>"; };
		90FF8B1118F8E59100C1ABCF /* User.h */ = {isa = PBXFileReference; fileEncoding = 4; lastKnownFileType = sourcecode.c.h; path = User.h; sourceTree = "<group>"; };
		90FF8B1218F8E59100C1ABCF /* User.m */ = {isa = PBXFileReference; fileEncoding = 4; lastKnownFileType = sourcecode.c.objc; path = User.m; sourceTree = "<group>"; };
		90FF8B1618F8E7B100C1ABCF /* food.plist */ = {isa = PBXFileReference; fileEncoding = 4; lastKnownFileType = text.plist.xml; path = food.plist; sourceTree = "<group>"; };
/* End PBXFileReference section */

/* Begin PBXFrameworksBuildPhase section */
		90AE8B9418F7E342000FC202 /* Frameworks */ = {
			isa = PBXFrameworksBuildPhase;
			buildActionMask = 2147483647;
			files = (
				90AE8B9D18F7E342000FC202 /* CoreGraphics.framework in Frameworks */,
				90AE8B9F18F7E342000FC202 /* UIKit.framework in Frameworks */,
				90AE8B9B18F7E342000FC202 /* Foundation.framework in Frameworks */,
				839F1B68CD6947A78CA34D30 /* libPods.a in Frameworks */,
			);
			runOnlyForDeploymentPostprocessing = 0;
		};
		90AE8BB518F7E343000FC202 /* Frameworks */ = {
			isa = PBXFrameworksBuildPhase;
			buildActionMask = 2147483647;
			files = (
				90AE8BBA18F7E343000FC202 /* XCTest.framework in Frameworks */,
				90AE8BBC18F7E343000FC202 /* UIKit.framework in Frameworks */,
				90AE8BBB18F7E343000FC202 /* Foundation.framework in Frameworks */,
			);
			runOnlyForDeploymentPostprocessing = 0;
		};
/* End PBXFrameworksBuildPhase section */

/* Begin PBXGroup section */
		90AE8B8E18F7E342000FC202 = {
			isa = PBXGroup;
			children = (
				90AE8BA018F7E342000FC202 /* FED */,
				90AE8BBF18F7E343000FC202 /* FEDTests */,
				90AE8B9918F7E342000FC202 /* Frameworks */,
				90AE8B9818F7E342000FC202 /* Products */,
				3433DE8CBCAF4DECBA7B5DFA /* Pods.xcconfig */,
			);
			sourceTree = "<group>";
		};
		90AE8B9818F7E342000FC202 /* Products */ = {
			isa = PBXGroup;
			children = (
				90AE8B9718F7E342000FC202 /* FED.app */,
				90AE8BB818F7E343000FC202 /* FEDTests.xctest */,
			);
			name = Products;
			sourceTree = "<group>";
		};
		90AE8B9918F7E342000FC202 /* Frameworks */ = {
			isa = PBXGroup;
			children = (
				90AE8B9A18F7E342000FC202 /* Foundation.framework */,
				90AE8B9C18F7E342000FC202 /* CoreGraphics.framework */,
				90AE8B9E18F7E342000FC202 /* UIKit.framework */,
				90AE8BB918F7E343000FC202 /* XCTest.framework */,
				0CB193705AB9465995726A13 /* libPods.a */,
			);
			name = Frameworks;
			sourceTree = "<group>";
		};
		90AE8BA018F7E342000FC202 /* FED */ = {
			isa = PBXGroup;
			children = (
				90FF8B0C18F8E59100C1ABCF /* Model */,
				90AE8BA918F7E342000FC202 /* AppDelegate.h */,
				90AE8BAA18F7E342000FC202 /* AppDelegate.m */,
				90AE8BAC18F7E342000FC202 /* Main.storyboard */,
				90AE8BAF18F7E342000FC202 /* ViewController.h */,
				90AE8BB018F7E342000FC202 /* ViewController.m */,
				90AE8BB218F7E342000FC202 /* Images.xcassets */,
				90AE8BA118F7E342000FC202 /* Supporting Files */,
				90AE8BCF18F7F8E6000FC202 /* FoodListCell.h */,
				90AE8BD018F7F8E6000FC202 /* FoodListCell.m */,
				9012F73118F8229000AE78AB /* UserSetupViewController.h */,
				9012F73218F8229000AE78AB /* UserSetupViewController.m */,
				9012F73718F8238000AE78AB /* FEDScrollView.h */,
				9012F73818F8238000AE78AB /* FEDScrollView.m */,
				90FF8B0618F8CCAB00C1ABCF /* MainViewController.h */,
				90FF8B0718F8CCAB00C1ABCF /* MainViewController.m */,
				90FF8B0918F8DE8800C1ABCF /* FoodeEditorViewController.h */,
				90FF8B0A18F8DE8800C1ABCF /* FoodeEditorViewController.m */,
			);
			path = FED;
			sourceTree = "<group>";
		};
		90AE8BA118F7E342000FC202 /* Supporting Files */ = {
			isa = PBXGroup;
			children = (
				90AE8BA218F7E342000FC202 /* FED-Info.plist */,
				90AE8BA318F7E342000FC202 /* InfoPlist.strings */,
				90AE8BA618F7E342000FC202 /* main.m */,
				90AE8BA818F7E342000FC202 /* FED-Prefix.pch */,
				90FF8B1618F8E7B100C1ABCF /* food.plist */,
			);
			name = "Supporting Files";
			sourceTree = "<group>";
		};
		90AE8BBF18F7E343000FC202 /* FEDTests */ = {
			isa = PBXGroup;
			children = (
				90AE8BC518F7E343000FC202 /* FEDTests.m */,
				90AE8BC018F7E343000FC202 /* Supporting Files */,
			);
			path = FEDTests;
			sourceTree = "<group>";
		};
		90AE8BC018F7E343000FC202 /* Supporting Files */ = {
			isa = PBXGroup;
			children = (
				90AE8BC118F7E343000FC202 /* FEDTests-Info.plist */,
				90AE8BC218F7E343000FC202 /* InfoPlist.strings */,
			);
			name = "Supporting Files";
			sourceTree = "<group>";
		};
		90FF8B0C18F8E59100C1ABCF /* Model */ = {
			isa = PBXGroup;
			children = (
				90FF8B0D18F8E59100C1ABCF /* Food.h */,
				90FF8B0E18F8E59100C1ABCF /* Food.m */,
				90FF8B0F18F8E59100C1ABCF /* FoodHelper.h */,
				90FF8B1018F8E59100C1ABCF /* FoodHelper.m */,
				90FF8B1118F8E59100C1ABCF /* User.h */,
				90FF8B1218F8E59100C1ABCF /* User.m */,
			);
			path = Model;
			sourceTree = "<group>";
		};
/* End PBXGroup section */

/* Begin PBXNativeTarget section */
		90AE8B9618F7E342000FC202 /* FED */ = {
			isa = PBXNativeTarget;
			buildConfigurationList = 90AE8BC918F7E343000FC202 /* Build configuration list for PBXNativeTarget "FED" */;
			buildPhases = (
				A436D5F4968C4A5FB343F609 /* Check Pods Manifest.lock */,
				90AE8B9318F7E342000FC202 /* Sources */,
				90AE8B9418F7E342000FC202 /* Frameworks */,
				90AE8B9518F7E342000FC202 /* Resources */,
				835A516F66F242B881897B90 /* Copy Pods Resources */,
			);
			buildRules = (
			);
			dependencies = (
			);
			name = FED;
			productName = FED;
			productReference = 90AE8B9718F7E342000FC202 /* FED.app */;
			productType = "com.apple.product-type.application";
		};
		90AE8BB718F7E343000FC202 /* FEDTests */ = {
			isa = PBXNativeTarget;
			buildConfigurationList = 90AE8BCC18F7E343000FC202 /* Build configuration list for PBXNativeTarget "FEDTests" */;
			buildPhases = (
				90AE8BB418F7E343000FC202 /* Sources */,
				90AE8BB518F7E343000FC202 /* Frameworks */,
				90AE8BB618F7E343000FC202 /* Resources */,
			);
			buildRules = (
			);
			dependencies = (
				90AE8BBE18F7E343000FC202 /* PBXTargetDependency */,
			);
			name = FEDTests;
			productName = FEDTests;
			productReference = 90AE8BB818F7E343000FC202 /* FEDTests.xctest */;
			productType = "com.apple.product-type.bundle.unit-test";
		};
/* End PBXNativeTarget section */

/* Begin PBXProject section */
		90AE8B8F18F7E342000FC202 /* Project object */ = {
			isa = PBXProject;
			attributes = {
				LastUpgradeCheck = 0510;
				ORGANIZATIONNAME = TrendyBear;
				TargetAttributes = {
					90AE8B9618F7E342000FC202 = {
						DevelopmentTeam = Y87T9TSEEQ;
					};
					90AE8BB718F7E343000FC202 = {
						TestTargetID = 90AE8B9618F7E342000FC202;
					};
				};
			};
			buildConfigurationList = 90AE8B9218F7E342000FC202 /* Build configuration list for PBXProject "FED" */;
			compatibilityVersion = "Xcode 3.2";
			developmentRegion = English;
			hasScannedForEncodings = 0;
			knownRegions = (
				en,
				Base,
			);
			mainGroup = 90AE8B8E18F7E342000FC202;
			productRefGroup = 90AE8B9818F7E342000FC202 /* Products */;
			projectDirPath = "";
			projectRoot = "";
			targets = (
				90AE8B9618F7E342000FC202 /* FED */,
				90AE8BB718F7E343000FC202 /* FEDTests */,
			);
		};
/* End PBXProject section */

/* Begin PBXResourcesBuildPhase section */
		90AE8B9518F7E342000FC202 /* Resources */ = {
			isa = PBXResourcesBuildPhase;
			buildActionMask = 2147483647;
			files = (
				90FF8B1718F8E7B100C1ABCF /* food.plist in Resources */,
				90AE8BB318F7E342000FC202 /* Images.xcassets in Resources */,
				90AE8BA518F7E342000FC202 /* InfoPlist.strings in Resources */,
				90AE8BAE18F7E342000FC202 /* Main.storyboard in Resources */,
			);
			runOnlyForDeploymentPostprocessing = 0;
		};
		90AE8BB618F7E343000FC202 /* Resources */ = {
			isa = PBXResourcesBuildPhase;
			buildActionMask = 2147483647;
			files = (
				90AE8BC418F7E343000FC202 /* InfoPlist.strings in Resources */,
			);
			runOnlyForDeploymentPostprocessing = 0;
		};
/* End PBXResourcesBuildPhase section */

/* Begin PBXShellScriptBuildPhase section */
		835A516F66F242B881897B90 /* Copy Pods Resources */ = {
			isa = PBXShellScriptBuildPhase;
			buildActionMask = 2147483647;
			files = (
			);
			inputPaths = (
			);
			name = "Copy Pods Resources";
			outputPaths = (
			);
			runOnlyForDeploymentPostprocessing = 0;
			shellPath = /bin/sh;
			shellScript = "\"${SRCROOT}/Pods/Pods-resources.sh\"\n";
			showEnvVarsInLog = 0;
		};
		A436D5F4968C4A5FB343F609 /* Check Pods Manifest.lock */ = {
			isa = PBXShellScriptBuildPhase;
			buildActionMask = 2147483647;
			files = (
			);
			inputPaths = (
			);
			name = "Check Pods Manifest.lock";
			outputPaths = (
			);
			runOnlyForDeploymentPostprocessing = 0;
			shellPath = /bin/sh;
			shellScript = "diff \"${PODS_ROOT}/../Podfile.lock\" \"${PODS_ROOT}/Manifest.lock\" > /dev/null\nif [[ $? != 0 ]] ; then\n    cat << EOM\nerror: The sandbox is not in sync with the Podfile.lock. Run 'pod install' or update your CocoaPods installation.\nEOM\n    exit 1\nfi\n";
			showEnvVarsInLog = 0;
		};
/* End PBXShellScriptBuildPhase section */

/* Begin PBXSourcesBuildPhase section */
		90AE8B9318F7E342000FC202 /* Sources */ = {
			isa = PBXSourcesBuildPhase;
			buildActionMask = 2147483647;
			files = (
				90FF8B1318F8E59100C1ABCF /* Food.m in Sources */,
				90AE8BB118F7E342000FC202 /* ViewController.m in Sources */,
				90FF8B0B18F8DE8800C1ABCF /* FoodeEditorViewController.m in Sources */,
				90AE8BD118F7F8E6000FC202 /* FoodListCell.m in Sources */,
				90AE8BAB18F7E342000FC202 /* AppDelegate.m in Sources */,
				9012F73918F8238000AE78AB /* FEDScrollView.m in Sources */,
				90FF8B1518F8E59100C1ABCF /* User.m in Sources */,
				90FF8B0818F8CCAB00C1ABCF /* MainViewController.m in Sources */,
				90AE8BA718F7E342000FC202 /* main.m in Sources */,
				9012F73318F8229000AE78AB /* UserSetupViewController.m in Sources */,
				90FF8B1418F8E59100C1ABCF /* FoodHelper.m in Sources */,
			);
			runOnlyForDeploymentPostprocessing = 0;
		};
		90AE8BB418F7E343000FC202 /* Sources */ = {
			isa = PBXSourcesBuildPhase;
			buildActionMask = 2147483647;
			files = (
				90AE8BC618F7E343000FC202 /* FEDTests.m in Sources */,
			);
			runOnlyForDeploymentPostprocessing = 0;
		};
/* End PBXSourcesBuildPhase section */

/* Begin PBXTargetDependency section */
		90AE8BBE18F7E343000FC202 /* PBXTargetDependency */ = {
			isa = PBXTargetDependency;
			target = 90AE8B9618F7E342000FC202 /* FED */;
			targetProxy = 90AE8BBD18F7E343000FC202 /* PBXContainerItemProxy */;
		};
/* End PBXTargetDependency section */

/* Begin PBXVariantGroup section */
		90AE8BA318F7E342000FC202 /* InfoPlist.strings */ = {
			isa = PBXVariantGroup;
			children = (
				90AE8BA418F7E342000FC202 /* en */,
			);
			name = InfoPlist.strings;
			sourceTree = "<group>";
		};
		90AE8BAC18F7E342000FC202 /* Main.storyboard */ = {
			isa = PBXVariantGroup;
			children = (
				90AE8BAD18F7E342000FC202 /* Base */,
			);
			name = Main.storyboard;
			sourceTree = "<group>";
		};
		90AE8BC218F7E343000FC202 /* InfoPlist.strings */ = {
			isa = PBXVariantGroup;
			children = (
				90AE8BC318F7E343000FC202 /* en */,
			);
			name = InfoPlist.strings;
			sourceTree = "<group>";
		};
/* End PBXVariantGroup section */

/* Begin XCBuildConfiguration section */
		90AE8BC718F7E343000FC202 /* Debug */ = {
			isa = XCBuildConfiguration;
			buildSettings = {
				ALWAYS_SEARCH_USER_PATHS = NO;
				CLANG_CXX_LANGUAGE_STANDARD = "gnu++0x";
				CLANG_CXX_LIBRARY = "libc++";
				CLANG_ENABLE_MODULES = YES;
				CLANG_ENABLE_OBJC_ARC = YES;
				CLANG_WARN_BOOL_CONVERSION = YES;
				CLANG_WARN_CONSTANT_CONVERSION = YES;
				CLANG_WARN_DIRECT_OBJC_ISA_USAGE = YES_ERROR;
				CLANG_WARN_EMPTY_BODY = YES;
				CLANG_WARN_ENUM_CONVERSION = YES;
				CLANG_WARN_INT_CONVERSION = YES;
				CLANG_WARN_OBJC_ROOT_CLASS = YES_ERROR;
				CLANG_WARN__DUPLICATE_METHOD_MATCH = YES;
				"CODE_SIGN_IDENTITY[sdk=iphoneos*]" = "iPhone Developer";
				COPY_PHASE_STRIP = NO;
				GCC_C_LANGUAGE_STANDARD = gnu99;
				GCC_DYNAMIC_NO_PIC = NO;
				GCC_OPTIMIZATION_LEVEL = 0;
				GCC_PREPROCESSOR_DEFINITIONS = (
					"DEBUG=1",
					"$(inherited)",
				);
				GCC_SYMBOLS_PRIVATE_EXTERN = NO;
				GCC_WARN_64_TO_32_BIT_CONVERSION = YES;
				GCC_WARN_ABOUT_RETURN_TYPE = YES_ERROR;
				GCC_WARN_UNDECLARED_SELECTOR = YES;
				GCC_WARN_UNINITIALIZED_AUTOS = YES_AGGRESSIVE;
				GCC_WARN_UNUSED_FUNCTION = YES;
				GCC_WARN_UNUSED_VARIABLE = YES;
				IPHONEOS_DEPLOYMENT_TARGET = 7.1;
				ONLY_ACTIVE_ARCH = YES;
				SDKROOT = iphoneos;
			};
			name = Debug;
		};
		90AE8BC818F7E343000FC202 /* Release */ = {
			isa = XCBuildConfiguration;
			buildSettings = {
				ALWAYS_SEARCH_USER_PATHS = NO;
				CLANG_CXX_LANGUAGE_STANDARD = "gnu++0x";
				CLANG_CXX_LIBRARY = "libc++";
				CLANG_ENABLE_MODULES = YES;
				CLANG_ENABLE_OBJC_ARC = YES;
				CLANG_WARN_BOOL_CONVERSION = YES;
				CLANG_WARN_CONSTANT_CONVERSION = YES;
				CLANG_WARN_DIRECT_OBJC_ISA_USAGE = YES_ERROR;
				CLANG_WARN_EMPTY_BODY = YES;
				CLANG_WARN_ENUM_CONVERSION = YES;
				CLANG_WARN_INT_CONVERSION = YES;
				CLANG_WARN_OBJC_ROOT_CLASS = YES_ERROR;
				CLANG_WARN__DUPLICATE_METHOD_MATCH = YES;
				"CODE_SIGN_IDENTITY[sdk=iphoneos*]" = "iPhone Developer";
				COPY_PHASE_STRIP = YES;
				ENABLE_NS_ASSERTIONS = NO;
				GCC_C_LANGUAGE_STANDARD = gnu99;
				GCC_WARN_64_TO_32_BIT_CONVERSION = YES;
				GCC_WARN_ABOUT_RETURN_TYPE = YES_ERROR;
				GCC_WARN_UNDECLARED_SELECTOR = YES;
				GCC_WARN_UNINITIALIZED_AUTOS = YES_AGGRESSIVE;
				GCC_WARN_UNUSED_FUNCTION = YES;
				GCC_WARN_UNUSED_VARIABLE = YES;
				IPHONEOS_DEPLOYMENT_TARGET = 7.1;
				SDKROOT = iphoneos;
				VALIDATE_PRODUCT = YES;
			};
			name = Release;
		};
		90AE8BCA18F7E343000FC202 /* Debug */ = {
			isa = XCBuildConfiguration;
			baseConfigurationReference = 3433DE8CBCAF4DECBA7B5DFA /* Pods.xcconfig */;
			buildSettings = {
				ASSETCATALOG_COMPILER_APPICON_NAME = AppIcon;
				ASSETCATALOG_COMPILER_LAUNCHIMAGE_NAME = LaunchImage;
				CODE_SIGN_IDENTITY = "iPhone Developer";
				GCC_PRECOMPILE_PREFIX_HEADER = YES;
				GCC_PREFIX_HEADER = "FED/FED-Prefix.pch";
				INFOPLIST_FILE = "FED/FED-Info.plist";
				PRODUCT_NAME = "$(TARGET_NAME)";
				WRAPPER_EXTENSION = app;
			};
			name = Debug;
		};
		90AE8BCB18F7E343000FC202 /* Release */ = {
			isa = XCBuildConfiguration;
			baseConfigurationReference = 3433DE8CBCAF4DECBA7B5DFA /* Pods.xcconfig */;
			buildSettings = {
				ASSETCATALOG_COMPILER_APPICON_NAME = AppIcon;
				ASSETCATALOG_COMPILER_LAUNCHIMAGE_NAME = LaunchImage;
				CODE_SIGN_IDENTITY = "iPhone Developer";
				GCC_PRECOMPILE_PREFIX_HEADER = YES;
				GCC_PREFIX_HEADER = "FED/FED-Prefix.pch";
				INFOPLIST_FILE = "FED/FED-Info.plist";
				PRODUCT_NAME = "$(TARGET_NAME)";
				WRAPPER_EXTENSION = app;
			};
			name = Release;
		};
		90AE8BCD18F7E343000FC202 /* Debug */ = {
			isa = XCBuildConfiguration;
			buildSettings = {
				BUNDLE_LOADER = "$(BUILT_PRODUCTS_DIR)/FED.app/FED";
				FRAMEWORK_SEARCH_PATHS = (
					"$(SDKROOT)/Developer/Library/Frameworks",
					"$(inherited)",
					"$(DEVELOPER_FRAMEWORKS_DIR)",
				);
				GCC_PRECOMPILE_PREFIX_HEADER = YES;
				GCC_PREFIX_HEADER = "FED/FED-Prefix.pch";
				GCC_PREPROCESSOR_DEFINITIONS = (
					"DEBUG=1",
					"$(inherited)",
				);
				INFOPLIST_FILE = "FEDTests/FEDTests-Info.plist";
				PRODUCT_NAME = "$(TARGET_NAME)";
				TEST_HOST = "$(BUNDLE_LOADER)";
				WRAPPER_EXTENSION = xctest;
			};
			name = Debug;
		};
		90AE8BCE18F7E343000FC202 /* Release */ = {
			isa = XCBuildConfiguration;
			buildSettings = {
				BUNDLE_LOADER = "$(BUILT_PRODUCTS_DIR)/FED.app/FED";
				FRAMEWORK_SEARCH_PATHS = (
					"$(SDKROOT)/Developer/Library/Frameworks",
					"$(inherited)",
					"$(DEVELOPER_FRAMEWORKS_DIR)",
				);
				GCC_PRECOMPILE_PREFIX_HEADER = YES;
				GCC_PREFIX_HEADER = "FED/FED-Prefix.pch";
				INFOPLIST_FILE = "FEDTests/FEDTests-Info.plist";
				PRODUCT_NAME = "$(TARGET_NAME)";
				TEST_HOST = "$(BUNDLE_LOADER)";
				WRAPPER_EXTENSION = xctest;
			};
			name = Release;
		};
/* End XCBuildConfiguration section */

/* Begin XCConfigurationList section */
		90AE8B9218F7E342000FC202 /* Build configuration list for PBXProject "FED" */ = {
			isa = XCConfigurationList;
			buildConfigurations = (
				90AE8BC718F7E343000FC202 /* Debug */,
				90AE8BC818F7E343000FC202 /* Release */,
			);
			defaultConfigurationIsVisible = 0;
			defaultConfigurationName = Release;
		};
		90AE8BC918F7E343000FC202 /* Build configuration list for PBXNativeTarget "FED" */ = {
			isa = XCConfigurationList;
			buildConfigurations = (
				90AE8BCA18F7E343000FC202 /* Debug */,
				90AE8BCB18F7E343000FC202 /* Release */,
			);
			defaultConfigurationIsVisible = 0;
			defaultConfigurationName = Release;
		};
		90AE8BCC18F7E343000FC202 /* Build configuration list for PBXNativeTarget "FEDTests" */ = {
			isa = XCConfigurationList;
			buildConfigurations = (
				90AE8BCD18F7E343000FC202 /* Debug */,
				90AE8BCE18F7E343000FC202 /* Release */,
			);
			defaultConfigurationIsVisible = 0;
			defaultConfigurationName = Release;
		};
/* End XCConfigurationList section */
	};
	rootObject = 90AE8B8F18F7E342000FC202 /* Project object */;
}
